
Microsoft Visual Studio Solution File, Format Version 12.00
# Visual Studio 2013
VisualStudioVersion = 12.0.40629.0
MinimumVisualStudioVersion = 10.0.40219.1
Project("{FAE04EC0-301F-11D3-BF4B-00C04F79EFBC}") = "ArtportalenApp", "ArtportalenApp\ArtportalenApp.csproj", "{CDD5F14D-6AF4-4783-8B87-0BF46843D16F}"
EndProject
Project("{FAE04EC0-301F-11D3-BF4B-00C04F79EFBC}") = "ArtportalenApp.iOS", "ArtportalenApp.iOS\ArtportalenApp.iOS.csproj", "{13BF361A-2C77-4F91-AF30-E2D89023B204}"
EndProject
Project("{FAE04EC0-301F-11D3-BF4B-00C04F79EFBC}") = "ArtportalenApp.Droid", "ArtportalenApp.Droid\ArtportalenApp.Droid.csproj", "{ED8CDF4A-2242-4AA8-A5C0-71F44931193C}"
EndProject
Project("{D954291E-2A0B-460D-934E-DC6B0785DB48}") = "ArtportalenApp.Shared", "ArtportalenApp.Shared\ArtportalenApp.Shared.shproj", "{BAAB620E-13D5-4A05-8134-8DB823E019B3}"
EndProject
Global
	GlobalSection(SharedMSBuildProjectFiles) = preSolution
		ArtportalenApp.Shared\ArtportalenApp.Shared.projitems*{ed8cdf4a-2242-4aa8-a5c0-71f44931193c}*SharedItemsImports = 4
		ArtportalenApp.Shared\ArtportalenApp.Shared.projitems*{13bf361a-2c77-4f91-af30-e2d89023b204}*SharedItemsImports = 4
		ArtportalenApp.Shared\ArtportalenApp.Shared.projitems*{baab620e-13d5-4a05-8134-8db823e019b3}*SharedItemsImports = 13
	EndGlobalSection
	GlobalSection(SolutionConfigurationPlatforms) = preSolution
		Ad-Hoc|Any CPU = Ad-Hoc|Any CPU
		Ad-Hoc|ARM = Ad-Hoc|ARM
		Ad-Hoc|iPhone = Ad-Hoc|iPhone
		Ad-Hoc|iPhoneSimulator = Ad-Hoc|iPhoneSimulator
		Ad-Hoc|Mixed Platforms = Ad-Hoc|Mixed Platforms
		Ad-Hoc|x86 = Ad-Hoc|x86
		AppStore|Any CPU = AppStore|Any CPU
		AppStore|ARM = AppStore|ARM
		AppStore|iPhone = AppStore|iPhone
		AppStore|iPhoneSimulator = AppStore|iPhoneSimulator
		AppStore|Mixed Platforms = AppStore|Mixed Platforms
		AppStore|x86 = AppStore|x86
		Debug|Any CPU = Debug|Any CPU
		Debug|ARM = Debug|ARM
		Debug|iPhone = Debug|iPhone
		Debug|iPhoneSimulator = Debug|iPhoneSimulator
		Debug|Mixed Platforms = Debug|Mixed Platforms
		Debug|x86 = Debug|x86
		Release|Any CPU = Release|Any CPU
		Release|ARM = Release|ARM
		Release|iPhone = Release|iPhone
		Release|iPhoneSimulator = Release|iPhoneSimulator
		Release|Mixed Platforms = Release|Mixed Platforms
		Release|x86 = Release|x86
	EndGlobalSection
	GlobalSection(ProjectConfigurationPlatforms) = postSolution
		{CDD5F14D-6AF4-4783-8B87-0BF46843D16F}.Ad-Hoc|Any CPU.ActiveCfg = Release|Any CPU
		{CDD5F14D-6AF4-4783-8B87-0BF46843D16F}.Ad-Hoc|Any CPU.Build.0 = Release|Any CPU
		{CDD5F14D-6AF4-4783-8B87-0BF46843D16F}.Ad-Hoc|ARM.ActiveCfg = Release|Any CPU
		{CDD5F14D-6AF4-4783-8B87-0BF46843D16F}.Ad-Hoc|iPhone.ActiveCfg = Release|Any CPU
		{CDD5F14D-6AF4-4783-8B87-0BF46843D16F}.Ad-Hoc|iPhone.Build.0 = Release|Any CPU
		{CDD5F14D-6AF4-4783-8B87-0BF46843D16F}.Ad-Hoc|iPhoneSimulator.ActiveCfg = Release|Any CPU
		{CDD5F14D-6AF4-4783-8B87-0BF46843D16F}.Ad-Hoc|Mixed Platforms.ActiveCfg = Release|Any CPU
		{CDD5F14D-6AF4-4783-8B87-0BF46843D16F}.Ad-Hoc|Mixed Platforms.Build.0 = Release|Any CPU
		{CDD5F14D-6AF4-4783-8B87-0BF46843D16F}.Ad-Hoc|x86.ActiveCfg = Release|Any CPU
		{CDD5F14D-6AF4-4783-8B87-0BF46843D16F}.AppStore|Any CPU.ActiveCfg = Release|Any CPU
		{CDD5F14D-6AF4-4783-8B87-0BF46843D16F}.AppStore|Any CPU.Build.0 = Release|Any CPU
		{CDD5F14D-6AF4-4783-8B87-0BF46843D16F}.AppStore|ARM.ActiveCfg = Release|Any CPU
		{CDD5F14D-6AF4-4783-8B87-0BF46843D16F}.AppStore|iPhone.ActiveCfg = Release|Any CPU
		{CDD5F14D-6AF4-4783-8B87-0BF46843D16F}.AppStore|iPhoneSimulator.ActiveCfg = Release|Any CPU
		{CDD5F14D-6AF4-4783-8B87-0BF46843D16F}.AppStore|Mixed Platforms.ActiveCfg = Release|Any CPU
		{CDD5F14D-6AF4-4783-8B87-0BF46843D16F}.AppStore|Mixed Platforms.Build.0 = Release|Any CPU
		{CDD5F14D-6AF4-4783-8B87-0BF46843D16F}.AppStore|x86.ActiveCfg = Release|Any CPU
		{CDD5F14D-6AF4-4783-8B87-0BF46843D16F}.Debug|Any CPU.ActiveCfg = Debug|Any CPU
		{CDD5F14D-6AF4-4783-8B87-0BF46843D16F}.Debug|Any CPU.Build.0 = Debug|Any CPU
		{CDD5F14D-6AF4-4783-8B87-0BF46843D16F}.Debug|ARM.ActiveCfg = Debug|Any CPU
		{CDD5F14D-6AF4-4783-8B87-0BF46843D16F}.Debug|iPhone.ActiveCfg = Debug|Any CPU
		{CDD5F14D-6AF4-4783-8B87-0BF46843D16F}.Debug|iPhone.Build.0 = Debug|Any CPU
		{CDD5F14D-6AF4-4783-8B87-0BF46843D16F}.Debug|iPhoneSimulator.ActiveCfg = Debug|Any CPU
		{CDD5F14D-6AF4-4783-8B87-0BF46843D16F}.Debug|iPhoneSimulator.Build.0 = Debug|Any CPU
		{CDD5F14D-6AF4-4783-8B87-0BF46843D16F}.Debug|Mixed Platforms.ActiveCfg = Debug|Any CPU
		{CDD5F14D-6AF4-4783-8B87-0BF46843D16F}.Debug|Mixed Platforms.Build.0 = Debug|Any CPU
		{CDD5F14D-6AF4-4783-8B87-0BF46843D16F}.Debug|x86.ActiveCfg = Debug|Any CPU
		{CDD5F14D-6AF4-4783-8B87-0BF46843D16F}.Release|Any CPU.ActiveCfg = Release|Any CPU
		{CDD5F14D-6AF4-4783-8B87-0BF46843D16F}.Release|Any CPU.Build.0 = Release|Any CPU
		{CDD5F14D-6AF4-4783-8B87-0BF46843D16F}.Release|ARM.ActiveCfg = Release|Any CPU
		{CDD5F14D-6AF4-4783-8B87-0BF46843D16F}.Release|iPhone.ActiveCfg = Release|Any CPU
		{CDD5F14D-6AF4-4783-8B87-0BF46843D16F}.Release|iPhoneSimulator.ActiveCfg = Release|Any CPU
		{CDD5F14D-6AF4-4783-8B87-0BF46843D16F}.Release|Mixed Platforms.ActiveCfg = Release|Any CPU
		{CDD5F14D-6AF4-4783-8B87-0BF46843D16F}.Release|Mixed Platforms.Build.0 = Release|Any CPU
		{CDD5F14D-6AF4-4783-8B87-0BF46843D16F}.Release|x86.ActiveCfg = Release|Any CPU
		{13BF361A-2C77-4F91-AF30-E2D89023B204}.Ad-Hoc|Any CPU.ActiveCfg = Ad-Hoc|iPhone
		{13BF361A-2C77-4F91-AF30-E2D89023B204}.Ad-Hoc|ARM.ActiveCfg = Ad-Hoc|iPhone
		{13BF361A-2C77-4F91-AF30-E2D89023B204}.Ad-Hoc|iPhone.ActiveCfg = Ad-Hoc|iPhone
		{13BF361A-2C77-4F91-AF30-E2D89023B204}.Ad-Hoc|iPhone.Build.0 = Ad-Hoc|iPhone
		{13BF361A-2C77-4F91-AF30-E2D89023B204}.Ad-Hoc|iPhoneSimulator.ActiveCfg = Ad-Hoc|iPhoneSimulator
		{13BF361A-2C77-4F91-AF30-E2D89023B204}.Ad-Hoc|iPhoneSimulator.Build.0 = Ad-Hoc|iPhoneSimulator
		{13BF361A-2C77-4F91-AF30-E2D89023B204}.Ad-Hoc|Mixed Platforms.ActiveCfg = Ad-Hoc|iPhone
		{13BF361A-2C77-4F91-AF30-E2D89023B204}.Ad-Hoc|Mixed Platforms.Build.0 = Ad-Hoc|iPhone
		{13BF361A-2C77-4F91-AF30-E2D89023B204}.Ad-Hoc|x86.ActiveCfg = Ad-Hoc|iPhone
		{13BF361A-2C77-4F91-AF30-E2D89023B204}.AppStore|Any CPU.ActiveCfg = AppStore|iPhone
		{13BF361A-2C77-4F91-AF30-E2D89023B204}.AppStore|ARM.ActiveCfg = AppStore|iPhone
		{13BF361A-2C77-4F91-AF30-E2D89023B204}.AppStore|iPhone.ActiveCfg = AppStore|iPhone
		{13BF361A-2C77-4F91-AF30-E2D89023B204}.AppStore|iPhone.Build.0 = AppStore|iPhone
		{13BF361A-2C77-4F91-AF30-E2D89023B204}.AppStore|iPhoneSimulator.ActiveCfg = AppStore|iPhoneSimulator
		{13BF361A-2C77-4F91-AF30-E2D89023B204}.AppStore|iPhoneSimulator.Build.0 = AppStore|iPhoneSimulator
		{13BF361A-2C77-4F91-AF30-E2D89023B204}.AppStore|Mixed Platforms.ActiveCfg = AppStore|iPhone
		{13BF361A-2C77-4F91-AF30-E2D89023B204}.AppStore|Mixed Platforms.Build.0 = AppStore|iPhone
		{13BF361A-2C77-4F91-AF30-E2D89023B204}.AppStore|x86.ActiveCfg = AppStore|iPhone
		{13BF361A-2C77-4F91-AF30-E2D89023B204}.Debug|Any CPU.ActiveCfg = Debug|iPhone
		{13BF361A-2C77-4F91-AF30-E2D89023B204}.Debug|ARM.ActiveCfg = Debug|iPhone
		{13BF361A-2C77-4F91-AF30-E2D89023B204}.Debug|iPhone.ActiveCfg = Debug|iPhone
		{13BF361A-2C77-4F91-AF30-E2D89023B204}.Debug|iPhone.Build.0 = Debug|iPhone
		{13BF361A-2C77-4F91-AF30-E2D89023B204}.Debug|iPhoneSimulator.ActiveCfg = Debug|iPhoneSimulator
		{13BF361A-2C77-4F91-AF30-E2D89023B204}.Debug|iPhoneSimulator.Build.0 = Debug|iPhoneSimulator
		{13BF361A-2C77-4F91-AF30-E2D89023B204}.Debug|Mixed Platforms.ActiveCfg = Debug|iPhone
		{13BF361A-2C77-4F91-AF30-E2D89023B204}.Debug|Mixed Platforms.Build.0 = Debug|iPhone
		{13BF361A-2C77-4F91-AF30-E2D89023B204}.Debug|x86.ActiveCfg = Debug|iPhone
		{13BF361A-2C77-4F91-AF30-E2D89023B204}.Release|Any CPU.ActiveCfg = Release|iPhone
		{13BF361A-2C77-4F91-AF30-E2D89023B204}.Release|ARM.ActiveCfg = Release|iPhone
		{13BF361A-2C77-4F91-AF30-E2D89023B204}.Release|iPhone.ActiveCfg = Release|iPhone
		{13BF361A-2C77-4F91-AF30-E2D89023B204}.Release|iPhone.Build.0 = Release|iPhone
		{13BF361A-2C77-4F91-AF30-E2D89023B204}.Release|iPhoneSimulator.ActiveCfg = Release|iPhoneSimulator
		{13BF361A-2C77-4F91-AF30-E2D89023B204}.Release|iPhoneSimulator.Build.0 = Release|iPhoneSimulator
		{13BF361A-2C77-4F91-AF30-E2D89023B204}.Release|Mixed Platforms.ActiveCfg = Release|iPhone
		{13BF361A-2C77-4F91-AF30-E2D89023B204}.Release|Mixed Platforms.Build.0 = Release|iPhone
		{13BF361A-2C77-4F91-AF30-E2D89023B204}.Release|x86.ActiveCfg = Release|iPhone
		{ED8CDF4A-2242-4AA8-A5C0-71F44931193C}.Ad-Hoc|Any CPU.ActiveCfg = Release|Any CPU
		{ED8CDF4A-2242-4AA8-A5C0-71F44931193C}.Ad-Hoc|Any CPU.Build.0 = Release|Any CPU
		{ED8CDF4A-2242-4AA8-A5C0-71F44931193C}.Ad-Hoc|Any CPU.Deploy.0 = Release|Any CPU
		{ED8CDF4A-2242-4AA8-A5C0-71F44931193C}.Ad-Hoc|ARM.ActiveCfg = Release|Any CPU
		{ED8CDF4A-2242-4AA8-A5C0-71F44931193C}.Ad-Hoc|iPhone.ActiveCfg = Release|Any CPU
		{ED8CDF4A-2242-4AA8-A5C0-71F44931193C}.Ad-Hoc|iPhoneSimulator.ActiveCfg = Release|Any CPU
		{ED8CDF4A-2242-4AA8-A5C0-71F44931193C}.Ad-Hoc|Mixed Platforms.ActiveCfg = Release|Any CPU
		{ED8CDF4A-2242-4AA8-A5C0-71F44931193C}.Ad-Hoc|Mixed Platforms.Build.0 = Release|Any CPU
		{ED8CDF4A-2242-4AA8-A5C0-71F44931193C}.Ad-Hoc|Mixed Platforms.Deploy.0 = Release|Any CPU
		{ED8CDF4A-2242-4AA8-A5C0-71F44931193C}.Ad-Hoc|x86.ActiveCfg = Release|Any CPU
		{ED8CDF4A-2242-4AA8-A5C0-71F44931193C}.AppStore|Any CPU.ActiveCfg = Release|Any CPU
		{ED8CDF4A-2242-4AA8-A5C0-71F44931193C}.AppStore|Any CPU.Build.0 = Release|Any CPU
		{ED8CDF4A-2242-4AA8-A5C0-71F44931193C}.AppStore|Any CPU.Deploy.0 = Release|Any CPU
		{ED8CDF4A-2242-4AA8-A5C0-71F44931193C}.AppStore|ARM.ActiveCfg = Release|Any CPU
		{ED8CDF4A-2242-4AA8-A5C0-71F44931193C}.AppStore|iPhone.ActiveCfg = Release|Any CPU
		{ED8CDF4A-2242-4AA8-A5C0-71F44931193C}.AppStore|iPhoneSimulator.ActiveCfg = Release|Any CPU
		{ED8CDF4A-2242-4AA8-A5C0-71F44931193C}.AppStore|Mixed Platforms.ActiveCfg = Release|Any CPU
		{ED8CDF4A-2242-4AA8-A5C0-71F44931193C}.AppStore|Mixed Platforms.Build.0 = Release|Any CPU
		{ED8CDF4A-2242-4AA8-A5C0-71F44931193C}.AppStore|Mixed Platforms.Deploy.0 = Release|Any CPU
		{ED8CDF4A-2242-4AA8-A5C0-71F44931193C}.AppStore|x86.ActiveCfg = Release|Any CPU
		{ED8CDF4A-2242-4AA8-A5C0-71F44931193C}.Debug|Any CPU.ActiveCfg = Debug|Any CPU
		{ED8CDF4A-2242-4AA8-A5C0-71F44931193C}.Debug|Any CPU.Build.0 = Debug|Any CPU
		{ED8CDF4A-2242-4AA8-A5C0-71F44931193C}.Debug|Any CPU.Deploy.0 = Debug|Any CPU
		{ED8CDF4A-2242-4AA8-A5C0-71F44931193C}.Debug|ARM.ActiveCfg = Debug|Any CPU
		{ED8CDF4A-2242-4AA8-A5C0-71F44931193C}.Debug|iPhone.ActiveCfg = Debug|Any CPU
		{ED8CDF4A-2242-4AA8-A5C0-71F44931193C}.Debug|iPhoneSimulator.ActiveCfg = Debug|Any CPU
		{ED8CDF4A-2242-4AA8-A5C0-71F44931193C}.Debug|Mixed Platforms.ActiveCfg = Debug|Any CPU
		{ED8CDF4A-2242-4AA8-A5C0-71F44931193C}.Debug|Mixed Platforms.Build.0 = Debug|Any CPU
		{ED8CDF4A-2242-4AA8-A5C0-71F44931193C}.Debug|Mixed Platforms.Deploy.0 = Debug|Any CPU
		{ED8CDF4A-2242-4AA8-A5C0-71F44931193C}.Debug|x86.ActiveCfg = Debug|Any CPU
		{ED8CDF4A-2242-4AA8-A5C0-71F44931193C}.Release|Any CPU.ActiveCfg = Release|Any CPU
		{ED8CDF4A-2242-4AA8-A5C0-71F44931193C}.Release|Any CPU.Build.0 = Release|Any CPU
		{ED8CDF4A-2242-4AA8-A5C0-71F44931193C}.Release|Any CPU.Deploy.0 = Release|Any CPU
		{ED8CDF4A-2242-4AA8-A5C0-71F44931193C}.Release|ARM.ActiveCfg = Release|Any CPU
		{ED8CDF4A-2242-4AA8-A5C0-71F44931193C}.Release|iPhone.ActiveCfg = Release|Any CPU
		{ED8CDF4A-2242-4AA8-A5C0-71F44931193C}.Release|iPhoneSimulator.ActiveCfg = Release|Any CPU
		{ED8CDF4A-2242-4AA8-A5C0-71F44931193C}.Release|Mixed Platforms.ActiveCfg = Release|Any CPU
		{ED8CDF4A-2242-4AA8-A5C0-71F44931193C}.Release|Mixed Platforms.Build.0 = Release|Any CPU
		{ED8CDF4A-2242-4AA8-A5C0-71F44931193C}.Release|Mixed Platforms.Deploy.0 = Release|Any CPU
		{ED8CDF4A-2242-4AA8-A5C0-71F44931193C}.Release|x86.ActiveCfg = Release|Any CPU
	EndGlobalSection
	GlobalSection(SolutionProperties) = preSolution
		HideSolutionNode = FALSE
	EndGlobalSection
EndGlobal
